
Microsoft Visual Studio Solution File, Format Version 12.00
# Visual Studio 2013
VisualStudioVersion = 12.0.31101.0
MinimumVisualStudioVersion = 10.0.40219.1
Project("{FAE04EC0-301F-11D3-BF4B-00C04F79EFBC}") = "ProcessLooker", "ProccesLooker\ProcessLooker.csproj", "{B5013E03-838F-4238-9A30-79C731A51AC8}"
EndProject
Project("{FAE04EC0-301F-11D3-BF4B-00C04F79EFBC}") = "SQLLurk", "SQLLurk\SQLLurk.csproj", "{7FCC382F-F889-464F-9410-002FFD25D2FC}"
EndProject
Global
	GlobalSection(SolutionConfigurationPlatforms) = preSolution
		Debug|Any CPU = Debug|Any CPU
		Release|Any CPU = Release|Any CPU
	EndGlobalSection
	GlobalSection(ProjectConfigurationPlatforms) = postSolution
		{B5013E03-838F-4238-9A30-79C731A51AC8}.Debug|Any CPU.ActiveCfg = Debug|Any CPU
		{B5013E03-838F-4238-9A30-79C731A51AC8}.Debug|Any CPU.Build.0 = Debug|Any CPU
		{B5013E03-838F-4238-9A30-79C731A51AC8}.Release|Any CPU.ActiveCfg = Release|Any CPU
		{B5013E03-838F-4238-9A30-79C731A51AC8}.Release|Any CPU.Build.0 = Release|Any CPU
		{7FCC382F-F889-464F-9410-002FFD25D2FC}.Debug|Any CPU.ActiveCfg = Debug|Any CPU
		{7FCC382F-F889-464F-9410-002FFD25D2FC}.Debug|Any CPU.Build.0 = Debug|Any CPU
		{7FCC382F-F889-464F-9410-002FFD25D2FC}.Release|Any CPU.ActiveCfg = Release|Any CPU
		{7FCC382F-F889-464F-9410-002FFD25D2FC}.Release|Any CPU.Build.0 = Release|Any CPU
	EndGlobalSection
	GlobalSection(SolutionProperties) = preSolution
		HideSolutionNode = FALSE
	EndGlobalSection
EndGlobal
